// !$*UTF8*$!
{
	archiveVersion = 1;
	classes = {
	};
	objectVersion = 50;
	objects = {

/* Begin PBXBuildFile section */
		B56D3CE0219AEE6500B4DDCB /* AppDelegate.swift in Sources */ = {isa = PBXBuildFile; fileRef = B56D3CDF219AEE6500B4DDCB /* AppDelegate.swift */; };
		B56D3CE2219AEE6500B4DDCB /* MainViewController.swift in Sources */ = {isa = PBXBuildFile; fileRef = B56D3CE1219AEE6500B4DDCB /* MainViewController.swift */; };
		B56D3CE5219AEE6500B4DDCB /* Main.storyboard in Resources */ = {isa = PBXBuildFile; fileRef = B56D3CE3219AEE6500B4DDCB /* Main.storyboard */; };
		B56D3CE7219AEE6600B4DDCB /* Assets.xcassets in Resources */ = {isa = PBXBuildFile; fileRef = B56D3CE6219AEE6600B4DDCB /* Assets.xcassets */; };
		B56D3CEA219AEE6600B4DDCB /* LaunchScreen.storyboard in Resources */ = {isa = PBXBuildFile; fileRef = B56D3CE8219AEE6600B4DDCB /* LaunchScreen.storyboard */; };
		B56D3CF9219AF21D00B4DDCB /* CustomNavigationController.swift in Sources */ = {isa = PBXBuildFile; fileRef = B56D3CF8219AF21D00B4DDCB /* CustomNavigationController.swift */; };
		B56D3CFB219AF3C000B4DDCB /* UIColor+Theme.swift in Sources */ = {isa = PBXBuildFile; fileRef = B56D3CFA219AF3C000B4DDCB /* UIColor+Theme.swift */; };
		B56D3CFD219AF9F400B4DDCB /* BottomBarView.swift in Sources */ = {isa = PBXBuildFile; fileRef = B56D3CFC219AF9F400B4DDCB /* BottomBarView.swift */; };
/* End PBXBuildFile section */

/* Begin PBXFileReference section */
		B56D3CDC219AEE6500B4DDCB /* OilDream.app */ = {isa = PBXFileReference; explicitFileType = wrapper.application; includeInIndex = 0; path = OilDream.app; sourceTree = BUILT_PRODUCTS_DIR; };
		B56D3CDF219AEE6500B4DDCB /* AppDelegate.swift */ = {isa = PBXFileReference; lastKnownFileType = sourcecode.swift; path = AppDelegate.swift; sourceTree = "<group>"; };
		B56D3CE1219AEE6500B4DDCB /* MainViewController.swift */ = {isa = PBXFileReference; lastKnownFileType = sourcecode.swift; path = MainViewController.swift; sourceTree = "<group>"; };
		B56D3CE4219AEE6500B4DDCB /* Base */ = {isa = PBXFileReference; lastKnownFileType = file.storyboard; name = Base; path = Base.lproj/Main.storyboard; sourceTree = "<group>"; };
		B56D3CE6219AEE6600B4DDCB /* Assets.xcassets */ = {isa = PBXFileReference; lastKnownFileType = folder.assetcatalog; path = Assets.xcassets; sourceTree = "<group>"; };
		B56D3CE9219AEE6600B4DDCB /* Base */ = {isa = PBXFileReference; lastKnownFileType = file.storyboard; name = Base; path = Base.lproj/LaunchScreen.storyboard; sourceTree = "<group>"; };
		B56D3CEB219AEE6600B4DDCB /* Info.plist */ = {isa = PBXFileReference; lastKnownFileType = text.plist.xml; path = Info.plist; sourceTree = "<group>"; };
		B56D3CF8219AF21D00B4DDCB /* CustomNavigationController.swift */ = {isa = PBXFileReference; lastKnownFileType = sourcecode.swift; path = CustomNavigationController.swift; sourceTree = "<group>"; };
		B56D3CFA219AF3C000B4DDCB /* UIColor+Theme.swift */ = {isa = PBXFileReference; lastKnownFileType = sourcecode.swift; path = "UIColor+Theme.swift"; sourceTree = "<group>"; };
		B56D3CFC219AF9F400B4DDCB /* BottomBarView.swift */ = {isa = PBXFileReference; lastKnownFileType = sourcecode.swift; path = BottomBarView.swift; sourceTree = "<group>"; };
/* End PBXFileReference section */

/* Begin PBXFrameworksBuildPhase section */
		B56D3CD9219AEE6500B4DDCB /* Frameworks */ = {
			isa = PBXFrameworksBuildPhase;
			buildActionMask = 2147483647;
			files = (
			);
			runOnlyForDeploymentPostprocessing = 0;
		};
/* End PBXFrameworksBuildPhase section */

/* Begin PBXGroup section */
		B56D3CD3219AEE6500B4DDCB = {
			isa = PBXGroup;
			children = (
				B56D3CDE219AEE6500B4DDCB /* OilDream */,
				B56D3CDD219AEE6500B4DDCB /* Products */,
			);
			sourceTree = "<group>";
		};
		B56D3CDD219AEE6500B4DDCB /* Products */ = {
			isa = PBXGroup;
			children = (
				B56D3CDC219AEE6500B4DDCB /* OilDream.app */,
			);
			name = Products;
			sourceTree = "<group>";
		};
		B56D3CDE219AEE6500B4DDCB /* OilDream */ = {
			isa = PBXGroup;
			children = (
				B56D3CDF219AEE6500B4DDCB /* AppDelegate.swift */,
				B56D3CF6219AF14200B4DDCB /* Model */,
				B56D3CF5219AF14000B4DDCB /* Views */,
				B56D3CF4219AF13D00B4DDCB /* Controllers */,
				B56D3CF3219AF13700B4DDCB /* Utilities */,
				B56D3CF2219AF13400B4DDCB /* Services */,
				B56D3CF1219AF13200B4DDCB /* Extensions */,
				B56D3CF7219AF17800B4DDCB /* Helper */,
				B56D3CE3219AEE6500B4DDCB /* Main.storyboard */,
				B56D3CE6219AEE6600B4DDCB /* Assets.xcassets */,
				B56D3CE8219AEE6600B4DDCB /* LaunchScreen.storyboard */,
				B56D3CEB219AEE6600B4DDCB /* Info.plist */,
			);
			path = OilDream;
			sourceTree = "<group>";
		};
		B56D3CF1219AF13200B4DDCB /* Extensions */ = {
			isa = PBXGroup;
			children = (
				B56D3CFA219AF3C000B4DDCB /* UIColor+Theme.swift */,
			);
			path = Extensions;
			sourceTree = "<group>";
		};
		B56D3CF2219AF13400B4DDCB /* Services */ = {
			isa = PBXGroup;
			children = (
			);
			path = Services;
			sourceTree = "<group>";
		};
		B56D3CF3219AF13700B4DDCB /* Utilities */ = {
			isa = PBXGroup;
			children = (
			);
			path = Utilities;
			sourceTree = "<group>";
		};
		B56D3CF4219AF13D00B4DDCB /* Controllers */ = {
			isa = PBXGroup;
			children = (
				B56D3CE1219AEE6500B4DDCB /* MainViewController.swift */,
				B56D3CF8219AF21D00B4DDCB /* CustomNavigationController.swift */,
			);
			path = Controllers;
			sourceTree = "<group>";
		};
		B56D3CF5219AF14000B4DDCB /* Views */ = {
			isa = PBXGroup;
			children = (
				B56D3CFC219AF9F400B4DDCB /* BottomBarView.swift */,
			);
			path = Views;
			sourceTree = "<group>";
		};
		B56D3CF6219AF14200B4DDCB /* Model */ = {
			isa = PBXGroup;
			children = (
			);
			path = Model;
			sourceTree = "<group>";
		};
		B56D3CF7219AF17800B4DDCB /* Helper */ = {
			isa = PBXGroup;
			children = (
			);
			path = Helper;
			sourceTree = "<group>";
		};
/* End PBXGroup section */

/* Begin PBXNativeTarget section */
		B56D3CDB219AEE6500B4DDCB /* OilDream */ = {
			isa = PBXNativeTarget;
			buildConfigurationList = B56D3CEE219AEE6600B4DDCB /* Build configuration list for PBXNativeTarget "OilDream" */;
			buildPhases = (
				B56D3CD8219AEE6500B4DDCB /* Sources */,
				B56D3CD9219AEE6500B4DDCB /* Frameworks */,
				B56D3CDA219AEE6500B4DDCB /* Resources */,
			);
			buildRules = (
			);
			dependencies = (
			);
			name = OilDream;
			productName = OilDream;
			productReference = B56D3CDC219AEE6500B4DDCB /* OilDream.app */;
			productType = "com.apple.product-type.application";
		};
/* End PBXNativeTarget section */

/* Begin PBXProject section */
		B56D3CD4219AEE6500B4DDCB /* Project object */ = {
			isa = PBXProject;
			attributes = {
				LastSwiftUpdateCheck = 1010;
				LastUpgradeCheck = 1010;
				ORGANIZATIONNAME = dave76;
				TargetAttributes = {
					B56D3CDB219AEE6500B4DDCB = {
						CreatedOnToolsVersion = 10.1;
					};
				};
			};
			buildConfigurationList = B56D3CD7219AEE6500B4DDCB /* Build configuration list for PBXProject "OilDream" */;
			compatibilityVersion = "Xcode 9.3";
			developmentRegion = en;
			hasScannedForEncodings = 0;
			knownRegions = (
				en,
				Base,
			);
			mainGroup = B56D3CD3219AEE6500B4DDCB;
			productRefGroup = B56D3CDD219AEE6500B4DDCB /* Products */;
			projectDirPath = "";
			projectRoot = "";
			targets = (
				B56D3CDB219AEE6500B4DDCB /* OilDream */,
			);
		};
/* End PBXProject section */

/* Begin PBXResourcesBuildPhase section */
		B56D3CDA219AEE6500B4DDCB /* Resources */ = {
			isa = PBXResourcesBuildPhase;
			buildActionMask = 2147483647;
			files = (
				B56D3CEA219AEE6600B4DDCB /* LaunchScreen.storyboard in Resources */,
				B56D3CE7219AEE6600B4DDCB /* Assets.xcassets in Resources */,
				B56D3CE5219AEE6500B4DDCB /* Main.storyboard in Resources */,
			);
			runOnlyForDeploymentPostprocessing = 0;
		};
/* End PBXResourcesBuildPhase section */

/* Begin PBXSourcesBuildPhase section */
		B56D3CD8219AEE6500B4DDCB /* Sources */ = {
			isa = PBXSourcesBuildPhase;
			buildActionMask = 2147483647;
			files = (
				B56D3CF9219AF21D00B4DDCB /* CustomNavigationController.swift in Sources */,
				B56D3CFB219AF3C000B4DDCB /* UIColor+Theme.swift in Sources */,
				B56D3CE2219AEE6500B4DDCB /* MainViewController.swift in Sources */,
				B56D3CFD219AF9F400B4DDCB /* BottomBarView.swift in Sources */,
				B56D3CE0219AEE6500B4DDCB /* AppDelegate.swift in Sources */,
			);
			runOnlyForDeploymentPostprocessing = 0;
		};
/* End PBXSourcesBuildPhase section */

/* Begin PBXVariantGroup section */
		B56D3CE3219AEE6500B4DDCB /* Main.storyboard */ = {
			isa = PBXVariantGroup;
			children = (
				B56D3CE4219AEE6500B4DDCB /* Base */,
			);
			name = Main.storyboard;
			sourceTree = "<group>";
		};
		B56D3CE8219AEE6600B4DDCB /* LaunchScreen.storyboard */ = {
			isa = PBXVariantGroup;
			children = (
				B56D3CE9219AEE6600B4DDCB /* Base */,
			);
			name = LaunchScreen.storyboard;
			sourceTree = "<group>";
		};
/* End PBXVariantGroup section */

/* Begin XCBuildConfiguration section */
		B56D3CEC219AEE6600B4DDCB /* Debug */ = {
			isa = XCBuildConfiguration;
			buildSettings = {
				ALWAYS_SEARCH_USER_PATHS = NO;
				CLANG_ANALYZER_NONNULL = YES;
				CLANG_ANALYZER_NUMBER_OBJECT_CONVERSION = YES_AGGRESSIVE;
				CLANG_CXX_LANGUAGE_STANDARD = "gnu++14";
				CLANG_CXX_LIBRARY = "libc++";
				CLANG_ENABLE_MODULES = YES;
				CLANG_ENABLE_OBJC_ARC = YES;
				CLANG_ENABLE_OBJC_WEAK = YES;
				CLANG_WARN_BLOCK_CAPTURE_AUTORELEASING = YES;
				CLANG_WARN_BOOL_CONVERSION = YES;
				CLANG_WARN_COMMA = YES;
				CLANG_WARN_CONSTANT_CONVERSION = YES;
				CLANG_WARN_DEPRECATED_OBJC_IMPLEMENTATIONS = YES;
				CLANG_WARN_DIRECT_OBJC_ISA_USAGE = YES_ERROR;
				CLANG_WARN_DOCUMENTATION_COMMENTS = YES;
				CLANG_WARN_EMPTY_BODY = YES;
				CLANG_WARN_ENUM_CONVERSION = YES;
				CLANG_WARN_INFINITE_RECURSION = YES;
				CLANG_WARN_INT_CONVERSION = YES;
				CLANG_WARN_NON_LITERAL_NULL_CONVERSION = YES;
				CLANG_WARN_OBJC_IMPLICIT_RETAIN_SELF = YES;
				CLANG_WARN_OBJC_LITERAL_CONVERSION = YES;
				CLANG_WARN_OBJC_ROOT_CLASS = YES_ERROR;
				CLANG_WARN_RANGE_LOOP_ANALYSIS = YES;
				CLANG_WARN_STRICT_PROTOTYPES = YES;
				CLANG_WARN_SUSPICIOUS_MOVE = YES;
				CLANG_WARN_UNGUARDED_AVAILABILITY = YES_AGGRESSIVE;
				CLANG_WARN_UNREACHABLE_CODE = YES;
				CLANG_WARN__DUPLICATE_METHOD_MATCH = YES;
				CODE_SIGN_IDENTITY = "iPhone Developer";
				COPY_PHASE_STRIP = NO;
				DEBUG_INFORMATION_FORMAT = dwarf;
				ENABLE_STRICT_OBJC_MSGSEND = YES;
				ENABLE_TESTABILITY = YES;
				GCC_C_LANGUAGE_STANDARD = gnu11;
				GCC_DYNAMIC_NO_PIC = NO;
				GCC_NO_COMMON_BLOCKS = YES;
				GCC_OPTIMIZATION_LEVEL = 0;
				GCC_PREPROCESSOR_DEFINITIONS = (
					"DEBUG=1",
					"$(inherited)",
				);
				GCC_WARN_64_TO_32_BIT_CONVERSION = YES;
				GCC_WARN_ABOUT_RETURN_TYPE = YES_ERROR;
				GCC_WARN_UNDECLARED_SELECTOR = YES;
				GCC_WARN_UNINITIALIZED_AUTOS = YES_AGGRESSIVE;
				GCC_WARN_UNUSED_FUNCTION = YES;
				GCC_WARN_UNUSED_VARIABLE = YES;
				IPHONEOS_DEPLOYMENT_TARGET = 12.1;
				MTL_ENABLE_DEBUG_INFO = INCLUDE_SOURCE;
				MTL_FAST_MATH = YES;
				ONLY_ACTIVE_ARCH = YES;
				SDKROOT = iphoneos;
				SWIFT_ACTIVE_COMPILATION_CONDITIONS = DEBUG;
				SWIFT_OPTIMIZATION_LEVEL = "-Onone";
			};
			name = Debug;
		};
		B56D3CED219AEE6600B4DDCB /* Release */ = {
			isa = XCBuildConfiguration;
			buildSettings = {
				ALWAYS_SEARCH_USER_PATHS = NO;
				CLANG_ANALYZER_NONNULL = YES;
				CLANG_ANALYZER_NUMBER_OBJECT_CONVERSION = YES_AGGRESSIVE;
				CLANG_CXX_LANGUAGE_STANDARD = "gnu++14";
				CLANG_CXX_LIBRARY = "libc++";
				CLANG_ENABLE_MODULES = YES;
				CLANG_ENABLE_OBJC_ARC = YES;
				CLANG_ENABLE_OBJC_WEAK = YES;
				CLANG_WARN_BLOCK_CAPTURE_AUTORELEASING = YES;
				CLANG_WARN_BOOL_CONVERSION = YES;
				CLANG_WARN_COMMA = YES;
				CLANG_WARN_CONSTANT_CONVERSION = YES;
				CLANG_WARN_DEPRECATED_OBJC_IMPLEMENTATIONS = YES;
				CLANG_WARN_DIRECT_OBJC_ISA_USAGE = YES_ERROR;
				CLANG_WARN_DOCUMENTATION_COMMENTS = YES;
				CLANG_WARN_EMPTY_BODY = YES;
				CLANG_WARN_ENUM_CONVERSION = YES;
				CLANG_WARN_INFINITE_RECURSION = YES;
				CLANG_WARN_INT_CONVERSION = YES;
				CLANG_WARN_NON_LITERAL_NULL_CONVERSION = YES;
				CLANG_WARN_OBJC_IMPLICIT_RETAIN_SELF = YES;
				CLANG_WARN_OBJC_LITERAL_CONVERSION = YES;
				CLANG_WARN_OBJC_ROOT_CLASS = YES_ERROR;
				CLANG_WARN_RANGE_LOOP_ANALYSIS = YES;
				CLANG_WARN_STRICT_PROTOTYPES = YES;
				CLANG_WARN_SUSPICIOUS_MOVE = YES;
				CLANG_WARN_UNGUARDED_AVAILABILITY = YES_AGGRESSIVE;
				CLANG_WARN_UNREACHABLE_CODE = YES;
				CLANG_WARN__DUPLICATE_METHOD_MATCH = YES;
				CODE_SIGN_IDENTITY = "iPhone Developer";
				COPY_PHASE_STRIP = NO;
				DEBUG_INFORMATION_FORMAT = "dwarf-with-dsym";
				ENABLE_NS_ASSERTIONS = NO;
				ENABLE_STRICT_OBJC_MSGSEND = YES;
				GCC_C_LANGUAGE_STANDARD = gnu11;
				GCC_NO_COMMON_BLOCKS = YES;
				GCC_WARN_64_TO_32_BIT_CONVERSION = YES;
				GCC_WARN_ABOUT_RETURN_TYPE = YES_ERROR;
				GCC_WARN_UNDECLARED_SELECTOR = YES;
				GCC_WARN_UNINITIALIZED_AUTOS = YES_AGGRESSIVE;
				GCC_WARN_UNUSED_FUNCTION = YES;
				GCC_WARN_UNUSED_VARIABLE = YES;
				IPHONEOS_DEPLOYMENT_TARGET = 12.1;
				MTL_ENABLE_DEBUG_INFO = NO;
				MTL_FAST_MATH = YES;
				SDKROOT = iphoneos;
				SWIFT_COMPILATION_MODE = wholemodule;
				SWIFT_OPTIMIZATION_LEVEL = "-O";
				VALIDATE_PRODUCT = YES;
			};
			name = Release;
		};
		B56D3CEF219AEE6600B4DDCB /* Debug */ = {
			isa = XCBuildConfiguration;
			buildSettings = {
				ASSETCATALOG_COMPILER_APPICON_NAME = AppIcon;
				CODE_SIGN_STYLE = Automatic;
				DEVELOPMENT_TEAM = 4Z6U9FKXA9;
				INFOPLIST_FILE = OilDream/Info.plist;
				LD_RUNPATH_SEARCH_PATHS = (
					"$(inherited)",
					"@executable_path/Frameworks",
				);
				PRODUCT_BUNDLE_IDENTIFIER = com.mobileandsmile.OilDream;
				PRODUCT_NAME = "$(TARGET_NAME)";
				SWIFT_VERSION = 4.2;
				TARGETED_DEVICE_FAMILY = "1,2";
			};
			name = Debug;
		};
		B56D3CF0219AEE6600B4DDCB /* Release */ = {
			isa = XCBuildConfiguration;
			buildSettings = {
				ASSETCATALOG_COMPILER_APPICON_NAME = AppIcon;
				CODE_SIGN_STYLE = Automatic;
				DEVELOPMENT_TEAM = 4Z6U9FKXA9;
				INFOPLIST_FILE = OilDream/Info.plist;
				LD_RUNPATH_SEARCH_PATHS = (
					"$(inherited)",
					"@executable_path/Frameworks",
				);
				PRODUCT_BUNDLE_IDENTIFIER = com.mobileandsmile.OilDream;
				PRODUCT_NAME = "$(TARGET_NAME)";
				SWIFT_VERSION = 4.2;
				TARGETED_DEVICE_FAMILY = "1,2";
			};
			name = Release;
		};
/* End XCBuildConfiguration section */

/* Begin XCConfigurationList section */
		B56D3CD7219AEE6500B4DDCB /* Build configuration list for PBXProject "OilDream" */ = {
			isa = XCConfigurationList;
			buildConfigurations = (
				B56D3CEC219AEE6600B4DDCB /* Debug */,
				B56D3CED219AEE6600B4DDCB /* Release */,
			);
			defaultConfigurationIsVisible = 0;
			defaultConfigurationName = Release;
		};
		B56D3CEE219AEE6600B4DDCB /* Build configuration list for PBXNativeTarget "OilDream" */ = {
			isa = XCConfigurationList;
			buildConfigurations = (
				B56D3CEF219AEE6600B4DDCB /* Debug */,
				B56D3CF0219AEE6600B4DDCB /* Release */,
			);
			defaultConfigurationIsVisible = 0;
			defaultConfigurationName = Release;
		};
/* End XCConfigurationList section */
	};
	rootObject = B56D3CD4219AEE6500B4DDCB /* Project object */;
}
